
Microsoft Visual Studio Solution File, Format Version 12.00
# Visual Studio Version 16
VisualStudioVersion = 16.0.31313.79
MinimumVisualStudioVersion = 10.0.40219.1
Project("{FAE04EC0-301F-11D3-BF4B-00C04F79EFBC}") = "NewProjectAvt", "NewProjectAvt\NewProjectAvt.csproj", "{D6A47CD7-801A-4958-94DF-05EF84F9F4E8}"
EndProject
Global
	GlobalSection(SolutionConfigurationPlatforms) = preSolution
		Debug|Any CPU = Debug|Any CPU
		Release|Any CPU = Release|Any CPU
	EndGlobalSection
	GlobalSection(ProjectConfigurationPlatforms) = postSolution
		{D6A47CD7-801A-4958-94DF-05EF84F9F4E8}.Debug|Any CPU.ActiveCfg = Debug|Any CPU
		{D6A47CD7-801A-4958-94DF-05EF84F9F4E8}.Debug|Any CPU.Build.0 = Debug|Any CPU
		{D6A47CD7-801A-4958-94DF-05EF84F9F4E8}.Release|Any CPU.ActiveCfg = Release|Any CPU
		{D6A47CD7-801A-4958-94DF-05EF84F9F4E8}.Release|Any CPU.Build.0 = Release|Any CPU
	EndGlobalSection
	GlobalSection(SolutionProperties) = preSolution
		HideSolutionNode = FALSE
	EndGlobalSection
	GlobalSection(ExtensibilityGlobals) = postSolution
		SolutionGuid = {312E91C8-0319-4F1B-A6B9-7BB9A03F1B07}
	EndGlobalSection
EndGlobal
